
Microsoft Visual Studio Solution File, Format Version 12.00
# Visual Studio Version 17
VisualStudioVersion = 17.1.32328.378
MinimumVisualStudioVersion = 10.0.40219.1
Project("{9A19103F-16F7-4668-BE54-9A1E7A4F7556}") = "Jeu", "Jeu\Jeu.csproj", "{F2EDC7F3-72E1-42A4-ACD6-A8EF2572A36A}"
EndProject
Project("{9A19103F-16F7-4668-BE54-9A1E7A4F7556}") = "ClientTCP", "ClientTCP\ClientTCP.csproj", "{78074A2E-208C-4E4E-9AD5-AC758845914C}"
EndProject
Global
	GlobalSection(SolutionConfigurationPlatforms) = preSolution
		Debug|Any CPU = Debug|Any CPU
		Release|Any CPU = Release|Any CPU
	EndGlobalSection
	GlobalSection(ProjectConfigurationPlatforms) = postSolution
		{F2EDC7F3-72E1-42A4-ACD6-A8EF2572A36A}.Debug|Any CPU.ActiveCfg = Debug|Any CPU
		{F2EDC7F3-72E1-42A4-ACD6-A8EF2572A36A}.Debug|Any CPU.Build.0 = Debug|Any CPU
		{F2EDC7F3-72E1-42A4-ACD6-A8EF2572A36A}.Release|Any CPU.ActiveCfg = Release|Any CPU
		{F2EDC7F3-72E1-42A4-ACD6-A8EF2572A36A}.Release|Any CPU.Build.0 = Release|Any CPU
		{78074A2E-208C-4E4E-9AD5-AC758845914C}.Debug|Any CPU.ActiveCfg = Debug|Any CPU
		{78074A2E-208C-4E4E-9AD5-AC758845914C}.Debug|Any CPU.Build.0 = Debug|Any CPU
		{78074A2E-208C-4E4E-9AD5-AC758845914C}.Release|Any CPU.ActiveCfg = Release|Any CPU
		{78074A2E-208C-4E4E-9AD5-AC758845914C}.Release|Any CPU.Build.0 = Release|Any CPU
	EndGlobalSection
	GlobalSection(SolutionProperties) = preSolution
		HideSolutionNode = FALSE
	EndGlobalSection
	GlobalSection(ExtensibilityGlobals) = postSolution
		SolutionGuid = {9D72E4B2-FFE8-42C2-B3FD-A0D39FB5D2C6}
	EndGlobalSection
EndGlobal
