
Microsoft Visual Studio Solution File, Format Version 12.00
# Visual Studio Version 17
VisualStudioVersion = 17.1.32328.378
MinimumVisualStudioVersion = 10.0.40219.1
Project("{9A19103F-16F7-4668-BE54-9A1E7A4F7556}") = "Jeu", "Jeu\Jeu.csproj", "{F2EDC7F3-72E1-42A4-ACD6-A8EF2572A36A}"
EndProject
Project("{2150E333-8FDC-42A3-9474-1A3956D46DE8}") = "Solution Items", "Solution Items", "{E2C85EDD-6EF1-4EAF-BCAB-16C085EA0196}"
	ProjectSection(SolutionItems) = preProject
		.editorconfig = .editorconfig
	EndProjectSection
EndProject
Project("{9A19103F-16F7-4668-BE54-9A1E7A4F7556}") = "Server", "Server\Server.csproj", "{66CE05AD-FD33-4765-8B1A-84974A0BF83A}"
EndProject
Project("{9A19103F-16F7-4668-BE54-9A1E7A4F7556}") = "Client", "Client\Client.csproj", "{CA2F9742-691D-4FB7-BCB6-950CAFABC5D3}"
EndProject
Project("{FAE04EC0-301F-11D3-BF4B-00C04F79EFBC}") = "Grid", "Grid\Grid.csproj", "{595FED13-9C46-4AD3-984F-2938625FC770}"
EndProject
Project("{FAE04EC0-301F-11D3-BF4B-00C04F79EFBC}") = "Engine", "Engine\Engine.csproj", "{29545A4B-B272-4576-9B49-6598CC8086EE}"
EndProject
Global
	GlobalSection(SolutionConfigurationPlatforms) = preSolution
		Debug|Any CPU = Debug|Any CPU
		Release|Any CPU = Release|Any CPU
	EndGlobalSection
	GlobalSection(ProjectConfigurationPlatforms) = postSolution
		{F2EDC7F3-72E1-42A4-ACD6-A8EF2572A36A}.Debug|Any CPU.ActiveCfg = Debug|Any CPU
		{F2EDC7F3-72E1-42A4-ACD6-A8EF2572A36A}.Debug|Any CPU.Build.0 = Debug|Any CPU
		{F2EDC7F3-72E1-42A4-ACD6-A8EF2572A36A}.Release|Any CPU.ActiveCfg = Release|Any CPU
		{F2EDC7F3-72E1-42A4-ACD6-A8EF2572A36A}.Release|Any CPU.Build.0 = Release|Any CPU
		{66CE05AD-FD33-4765-8B1A-84974A0BF83A}.Debug|Any CPU.ActiveCfg = Debug|Any CPU
		{66CE05AD-FD33-4765-8B1A-84974A0BF83A}.Debug|Any CPU.Build.0 = Debug|Any CPU
		{66CE05AD-FD33-4765-8B1A-84974A0BF83A}.Release|Any CPU.ActiveCfg = Release|Any CPU
		{66CE05AD-FD33-4765-8B1A-84974A0BF83A}.Release|Any CPU.Build.0 = Release|Any CPU
		{CA2F9742-691D-4FB7-BCB6-950CAFABC5D3}.Debug|Any CPU.ActiveCfg = Debug|Any CPU
		{CA2F9742-691D-4FB7-BCB6-950CAFABC5D3}.Debug|Any CPU.Build.0 = Debug|Any CPU
		{CA2F9742-691D-4FB7-BCB6-950CAFABC5D3}.Release|Any CPU.ActiveCfg = Release|Any CPU
		{CA2F9742-691D-4FB7-BCB6-950CAFABC5D3}.Release|Any CPU.Build.0 = Release|Any CPU
		{595FED13-9C46-4AD3-984F-2938625FC770}.Debug|Any CPU.ActiveCfg = Debug|Any CPU
		{595FED13-9C46-4AD3-984F-2938625FC770}.Debug|Any CPU.Build.0 = Debug|Any CPU
		{595FED13-9C46-4AD3-984F-2938625FC770}.Release|Any CPU.ActiveCfg = Release|Any CPU
		{595FED13-9C46-4AD3-984F-2938625FC770}.Release|Any CPU.Build.0 = Release|Any CPU
		{29545A4B-B272-4576-9B49-6598CC8086EE}.Debug|Any CPU.ActiveCfg = Debug|Any CPU
		{29545A4B-B272-4576-9B49-6598CC8086EE}.Debug|Any CPU.Build.0 = Debug|Any CPU
		{29545A4B-B272-4576-9B49-6598CC8086EE}.Release|Any CPU.ActiveCfg = Release|Any CPU
		{29545A4B-B272-4576-9B49-6598CC8086EE}.Release|Any CPU.Build.0 = Release|Any CPU
	EndGlobalSection
	GlobalSection(SolutionProperties) = preSolution
		HideSolutionNode = FALSE
	EndGlobalSection
	GlobalSection(ExtensibilityGlobals) = postSolution
		SolutionGuid = {9D72E4B2-FFE8-42C2-B3FD-A0D39FB5D2C6}
	EndGlobalSection
EndGlobal
